// !$*UTF8*$!
{
	archiveVersion = 1;
	classes = {
	};
	objectVersion = 50;
	objects = {

/* Begin PBXBuildFile section */
		6D438ABCFCD00E176907D722 /* libPods-TransferMoneyApp.a in Frameworks */ = {isa = PBXBuildFile; fileRef = 4B1423D0288BDA579C5370DB /* libPods-TransferMoneyApp.a */; };
		8EA364B620F1E2F600BC642A /* AppDelegate.m in Sources */ = {isa = PBXBuildFile; fileRef = 8EA364B520F1E2F600BC642A /* AppDelegate.m */; };
		8EA364B920F1E2F600BC642A /* ViewController.m in Sources */ = {isa = PBXBuildFile; fileRef = 8EA364B820F1E2F600BC642A /* ViewController.m */; };
		8EA364BC20F1E2F600BC642A /* Main.storyboard in Resources */ = {isa = PBXBuildFile; fileRef = 8EA364BA20F1E2F600BC642A /* Main.storyboard */; };
		8EA364BE20F1E2F700BC642A /* Assets.xcassets in Resources */ = {isa = PBXBuildFile; fileRef = 8EA364BD20F1E2F700BC642A /* Assets.xcassets */; };
		8EA364C120F1E2F700BC642A /* LaunchScreen.storyboard in Resources */ = {isa = PBXBuildFile; fileRef = 8EA364BF20F1E2F700BC642A /* LaunchScreen.storyboard */; };
		8EA364C420F1E2F700BC642A /* main.m in Sources */ = {isa = PBXBuildFile; fileRef = 8EA364C320F1E2F700BC642A /* main.m */; };
		8EF99CD420F201A400D9AA5E /* TMNetworkManager.m in Sources */ = {isa = PBXBuildFile; fileRef = 8EF99CD320F201A400D9AA5E /* TMNetworkManager.m */; };
/* End PBXBuildFile section */

/* Begin PBXFileReference section */
		4B1423D0288BDA579C5370DB /* libPods-TransferMoneyApp.a */ = {isa = PBXFileReference; explicitFileType = archive.ar; includeInIndex = 0; path = "libPods-TransferMoneyApp.a"; sourceTree = BUILT_PRODUCTS_DIR; };
		8EA364B120F1E2F600BC642A /* TransferMoneyApp.app */ = {isa = PBXFileReference; explicitFileType = wrapper.application; includeInIndex = 0; path = TransferMoneyApp.app; sourceTree = BUILT_PRODUCTS_DIR; };
		8EA364B420F1E2F600BC642A /* AppDelegate.h */ = {isa = PBXFileReference; lastKnownFileType = sourcecode.c.h; path = AppDelegate.h; sourceTree = "<group>"; };
		8EA364B520F1E2F600BC642A /* AppDelegate.m */ = {isa = PBXFileReference; lastKnownFileType = sourcecode.c.objc; path = AppDelegate.m; sourceTree = "<group>"; };
		8EA364B720F1E2F600BC642A /* ViewController.h */ = {isa = PBXFileReference; lastKnownFileType = sourcecode.c.h; path = ViewController.h; sourceTree = "<group>"; };
		8EA364B820F1E2F600BC642A /* ViewController.m */ = {isa = PBXFileReference; lastKnownFileType = sourcecode.c.objc; path = ViewController.m; sourceTree = "<group>"; };
		8EA364BB20F1E2F600BC642A /* Base */ = {isa = PBXFileReference; lastKnownFileType = file.storyboard; name = Base; path = Base.lproj/Main.storyboard; sourceTree = "<group>"; };
		8EA364BD20F1E2F700BC642A /* Assets.xcassets */ = {isa = PBXFileReference; lastKnownFileType = folder.assetcatalog; path = Assets.xcassets; sourceTree = "<group>"; };
		8EA364C020F1E2F700BC642A /* Base */ = {isa = PBXFileReference; lastKnownFileType = file.storyboard; name = Base; path = Base.lproj/LaunchScreen.storyboard; sourceTree = "<group>"; };
		8EA364C220F1E2F700BC642A /* Info.plist */ = {isa = PBXFileReference; lastKnownFileType = text.plist.xml; path = Info.plist; sourceTree = "<group>"; };
		8EA364C320F1E2F700BC642A /* main.m */ = {isa = PBXFileReference; lastKnownFileType = sourcecode.c.objc; path = main.m; sourceTree = "<group>"; };
		8EF99CD220F201A400D9AA5E /* TMNetworkManager.h */ = {isa = PBXFileReference; lastKnownFileType = sourcecode.c.h; path = TMNetworkManager.h; sourceTree = "<group>"; };
		8EF99CD320F201A400D9AA5E /* TMNetworkManager.m */ = {isa = PBXFileReference; lastKnownFileType = sourcecode.c.objc; path = TMNetworkManager.m; sourceTree = "<group>"; };
		8EF99CD520F25E2600D9AA5E /* TMConfig.h */ = {isa = PBXFileReference; lastKnownFileType = sourcecode.c.h; path = TMConfig.h; sourceTree = "<group>"; };
		B9844A37BCB6BFB7E8812CA7 /* Pods-TransferMoneyApp.release.xcconfig */ = {isa = PBXFileReference; includeInIndex = 1; lastKnownFileType = text.xcconfig; name = "Pods-TransferMoneyApp.release.xcconfig"; path = "Pods/Target Support Files/Pods-TransferMoneyApp/Pods-TransferMoneyApp.release.xcconfig"; sourceTree = "<group>"; };
		F78F75432E03730BD0524807 /* Pods-TransferMoneyApp.debug.xcconfig */ = {isa = PBXFileReference; includeInIndex = 1; lastKnownFileType = text.xcconfig; name = "Pods-TransferMoneyApp.debug.xcconfig"; path = "Pods/Target Support Files/Pods-TransferMoneyApp/Pods-TransferMoneyApp.debug.xcconfig"; sourceTree = "<group>"; };
/* End PBXFileReference section */

/* Begin PBXFrameworksBuildPhase section */
		8EA364AE20F1E2F600BC642A /* Frameworks */ = {
			isa = PBXFrameworksBuildPhase;
			buildActionMask = 2147483647;
			files = (
				6D438ABCFCD00E176907D722 /* libPods-TransferMoneyApp.a in Frameworks */,
			);
			runOnlyForDeploymentPostprocessing = 0;
		};
/* End PBXFrameworksBuildPhase section */

/* Begin PBXGroup section */
		8EA364A820F1E2F600BC642A = {
			isa = PBXGroup;
			children = (
				8EA364B320F1E2F600BC642A /* TransferMoneyApp */,
				8EA364B220F1E2F600BC642A /* Products */,
				8F00E43AE664835BEB20E4E8 /* Pods */,
				C9CC3DD8BF4CD74EB1019887 /* Frameworks */,
			);
			sourceTree = "<group>";
		};
		8EA364B220F1E2F600BC642A /* Products */ = {
			isa = PBXGroup;
			children = (
				8EA364B120F1E2F600BC642A /* TransferMoneyApp.app */,
			);
			name = Products;
			sourceTree = "<group>";
		};
		8EA364B320F1E2F600BC642A /* TransferMoneyApp */ = {
			isa = PBXGroup;
			children = (
				8EF99CD120F2014400D9AA5E /* Manager */,
				8EF99CD020F1EF8700D9AA5E /* Model */,
				8EA364CA20F1E9D500BC642A /* View */,
				8EA364CB20F1E9FC00BC642A /* Controller */,
				8EA364B420F1E2F600BC642A /* AppDelegate.h */,
				8EA364B520F1E2F600BC642A /* AppDelegate.m */,
				8EF99CD520F25E2600D9AA5E /* TMConfig.h */,
				8EA364BD20F1E2F700BC642A /* Assets.xcassets */,
				8EA364BF20F1E2F700BC642A /* LaunchScreen.storyboard */,
				8EA364C220F1E2F700BC642A /* Info.plist */,
				8EA364C320F1E2F700BC642A /* main.m */,
			);
			path = TransferMoneyApp;
			sourceTree = "<group>";
		};
		8EA364CA20F1E9D500BC642A /* View */ = {
			isa = PBXGroup;
			children = (
				8EA364BA20F1E2F600BC642A /* Main.storyboard */,
			);
			path = View;
			sourceTree = "<group>";
		};
		8EA364CB20F1E9FC00BC642A /* Controller */ = {
			isa = PBXGroup;
			children = (
				8EA364B720F1E2F600BC642A /* ViewController.h */,
				8EA364B820F1E2F600BC642A /* ViewController.m */,
			);
			path = Controller;
			sourceTree = "<group>";
		};
		8EF99CD020F1EF8700D9AA5E /* Model */ = {
			isa = PBXGroup;
			children = (
			);
			path = Model;
			sourceTree = "<group>";
		};
		8EF99CD120F2014400D9AA5E /* Manager */ = {
			isa = PBXGroup;
			children = (
				8EF99CD220F201A400D9AA5E /* TMNetworkManager.h */,
				8EF99CD320F201A400D9AA5E /* TMNetworkManager.m */,
			);
			path = Manager;
			sourceTree = "<group>";
		};
		8F00E43AE664835BEB20E4E8 /* Pods */ = {
			isa = PBXGroup;
			children = (
				F78F75432E03730BD0524807 /* Pods-TransferMoneyApp.debug.xcconfig */,
				B9844A37BCB6BFB7E8812CA7 /* Pods-TransferMoneyApp.release.xcconfig */,
			);
			name = Pods;
			sourceTree = "<group>";
		};
		C9CC3DD8BF4CD74EB1019887 /* Frameworks */ = {
			isa = PBXGroup;
			children = (
				4B1423D0288BDA579C5370DB /* libPods-TransferMoneyApp.a */,
			);
			name = Frameworks;
			sourceTree = "<group>";
		};
/* End PBXGroup section */

/* Begin PBXNativeTarget section */
		8EA364B020F1E2F600BC642A /* TransferMoneyApp */ = {
			isa = PBXNativeTarget;
			buildConfigurationList = 8EA364C720F1E2F700BC642A /* Build configuration list for PBXNativeTarget "TransferMoneyApp" */;
			buildPhases = (
				33F78B4BA4C7A252C4358649 /* [CP] Check Pods Manifest.lock */,
				8EA364AD20F1E2F600BC642A /* Sources */,
				8EA364AE20F1E2F600BC642A /* Frameworks */,
				8EA364AF20F1E2F600BC642A /* Resources */,
			);
			buildRules = (
			);
			dependencies = (
			);
			name = TransferMoneyApp;
			productName = TransferMoneyApp;
			productReference = 8EA364B120F1E2F600BC642A /* TransferMoneyApp.app */;
			productType = "com.apple.product-type.application";
		};
/* End PBXNativeTarget section */

/* Begin PBXProject section */
		8EA364A920F1E2F600BC642A /* Project object */ = {
			isa = PBXProject;
			attributes = {
				LastUpgradeCheck = 0940;
				ORGANIZATIONNAME = Dicky;
				TargetAttributes = {
					8EA364B020F1E2F600BC642A = {
						CreatedOnToolsVersion = 9.4.1;
					};
				};
			};
			buildConfigurationList = 8EA364AC20F1E2F600BC642A /* Build configuration list for PBXProject "TransferMoneyApp" */;
			compatibilityVersion = "Xcode 9.3";
			developmentRegion = en;
			hasScannedForEncodings = 0;
			knownRegions = (
				en,
				Base,
			);
			mainGroup = 8EA364A820F1E2F600BC642A;
			productRefGroup = 8EA364B220F1E2F600BC642A /* Products */;
			projectDirPath = "";
			projectRoot = "";
			targets = (
				8EA364B020F1E2F600BC642A /* TransferMoneyApp */,
			);
		};
/* End PBXProject section */

/* Begin PBXResourcesBuildPhase section */
		8EA364AF20F1E2F600BC642A /* Resources */ = {
			isa = PBXResourcesBuildPhase;
			buildActionMask = 2147483647;
			files = (
				8EA364C120F1E2F700BC642A /* LaunchScreen.storyboard in Resources */,
				8EA364BE20F1E2F700BC642A /* Assets.xcassets in Resources */,
				8EA364BC20F1E2F600BC642A /* Main.storyboard in Resources */,
			);
			runOnlyForDeploymentPostprocessing = 0;
		};
/* End PBXResourcesBuildPhase section */

/* Begin PBXShellScriptBuildPhase section */
		33F78B4BA4C7A252C4358649 /* [CP] Check Pods Manifest.lock */ = {
			isa = PBXShellScriptBuildPhase;
			buildActionMask = 2147483647;
			files = (
			);
			inputPaths = (
				"${PODS_PODFILE_DIR_PATH}/Podfile.lock",
				"${PODS_ROOT}/Manifest.lock",
			);
			name = "[CP] Check Pods Manifest.lock";
			outputPaths = (
				"$(DERIVED_FILE_DIR)/Pods-TransferMoneyApp-checkManifestLockResult.txt",
			);
			runOnlyForDeploymentPostprocessing = 0;
			shellPath = /bin/sh;
			shellScript = "diff \"${PODS_PODFILE_DIR_PATH}/Podfile.lock\" \"${PODS_ROOT}/Manifest.lock\" > /dev/null\nif [ $? != 0 ] ; then\n    # print error to STDERR\n    echo \"error: The sandbox is not in sync with the Podfile.lock. Run 'pod install' or update your CocoaPods installation.\" >&2\n    exit 1\nfi\n# This output is used by Xcode 'outputs' to avoid re-running this script phase.\necho \"SUCCESS\" > \"${SCRIPT_OUTPUT_FILE_0}\"\n";
			showEnvVarsInLog = 0;
		};
/* End PBXShellScriptBuildPhase section */

/* Begin PBXSourcesBuildPhase section */
		8EA364AD20F1E2F600BC642A /* Sources */ = {
			isa = PBXSourcesBuildPhase;
			buildActionMask = 2147483647;
			files = (
				8EA364B920F1E2F600BC642A /* ViewController.m in Sources */,
				8EA364C420F1E2F700BC642A /* main.m in Sources */,
				8EA364B620F1E2F600BC642A /* AppDelegate.m in Sources */,
				8EF99CD420F201A400D9AA5E /* TMNetworkManager.m in Sources */,
			);
			runOnlyForDeploymentPostprocessing = 0;
		};
/* End PBXSourcesBuildPhase section */

/* Begin PBXVariantGroup section */
		8EA364BA20F1E2F600BC642A /* Main.storyboard */ = {
			isa = PBXVariantGroup;
			children = (
				8EA364BB20F1E2F600BC642A /* Base */,
			);
			name = Main.storyboard;
			sourceTree = "<group>";
		};
		8EA364BF20F1E2F700BC642A /* LaunchScreen.storyboard */ = {
			isa = PBXVariantGroup;
			children = (
				8EA364C020F1E2F700BC642A /* Base */,
			);
			name = LaunchScreen.storyboard;
			sourceTree = "<group>";
		};
/* End PBXVariantGroup section */

/* Begin XCBuildConfiguration section */
		8EA364C520F1E2F700BC642A /* Debug */ = {
			isa = XCBuildConfiguration;
			buildSettings = {
				ALWAYS_SEARCH_USER_PATHS = NO;
				CLANG_ANALYZER_NONNULL = YES;
				CLANG_ANALYZER_NUMBER_OBJECT_CONVERSION = YES_AGGRESSIVE;
				CLANG_CXX_LANGUAGE_STANDARD = "gnu++14";
				CLANG_CXX_LIBRARY = "libc++";
				CLANG_ENABLE_MODULES = YES;
				CLANG_ENABLE_OBJC_ARC = YES;
				CLANG_ENABLE_OBJC_WEAK = YES;
				CLANG_WARN_BLOCK_CAPTURE_AUTORELEASING = YES;
				CLANG_WARN_BOOL_CONVERSION = YES;
				CLANG_WARN_COMMA = YES;
				CLANG_WARN_CONSTANT_CONVERSION = YES;
				CLANG_WARN_DEPRECATED_OBJC_IMPLEMENTATIONS = YES;
				CLANG_WARN_DIRECT_OBJC_ISA_USAGE = YES_ERROR;
				CLANG_WARN_DOCUMENTATION_COMMENTS = YES;
				CLANG_WARN_EMPTY_BODY = YES;
				CLANG_WARN_ENUM_CONVERSION = YES;
				CLANG_WARN_INFINITE_RECURSION = YES;
				CLANG_WARN_INT_CONVERSION = YES;
				CLANG_WARN_NON_LITERAL_NULL_CONVERSION = YES;
				CLANG_WARN_OBJC_IMPLICIT_RETAIN_SELF = YES;
				CLANG_WARN_OBJC_LITERAL_CONVERSION = YES;
				CLANG_WARN_OBJC_ROOT_CLASS = YES_ERROR;
				CLANG_WARN_RANGE_LOOP_ANALYSIS = YES;
				CLANG_WARN_STRICT_PROTOTYPES = YES;
				CLANG_WARN_SUSPICIOUS_MOVE = YES;
				CLANG_WARN_UNGUARDED_AVAILABILITY = YES_AGGRESSIVE;
				CLANG_WARN_UNREACHABLE_CODE = YES;
				CLANG_WARN__DUPLICATE_METHOD_MATCH = YES;
				CODE_SIGN_IDENTITY = "iPhone Developer";
				COPY_PHASE_STRIP = NO;
				DEBUG_INFORMATION_FORMAT = dwarf;
				ENABLE_STRICT_OBJC_MSGSEND = YES;
				ENABLE_TESTABILITY = YES;
				GCC_C_LANGUAGE_STANDARD = gnu11;
				GCC_DYNAMIC_NO_PIC = NO;
				GCC_NO_COMMON_BLOCKS = YES;
				GCC_OPTIMIZATION_LEVEL = 0;
				GCC_PREPROCESSOR_DEFINITIONS = (
					"DEBUG=1",
					"$(inherited)",
				);
				GCC_WARN_64_TO_32_BIT_CONVERSION = YES;
				GCC_WARN_ABOUT_RETURN_TYPE = YES_ERROR;
				GCC_WARN_UNDECLARED_SELECTOR = YES;
				GCC_WARN_UNINITIALIZED_AUTOS = YES_AGGRESSIVE;
				GCC_WARN_UNUSED_FUNCTION = YES;
				GCC_WARN_UNUSED_VARIABLE = YES;
				IPHONEOS_DEPLOYMENT_TARGET = 11.4;
				MTL_ENABLE_DEBUG_INFO = YES;
				ONLY_ACTIVE_ARCH = YES;
				SDKROOT = iphoneos;
			};
			name = Debug;
		};
		8EA364C620F1E2F700BC642A /* Release */ = {
			isa = XCBuildConfiguration;
			buildSettings = {
				ALWAYS_SEARCH_USER_PATHS = NO;
				CLANG_ANALYZER_NONNULL = YES;
				CLANG_ANALYZER_NUMBER_OBJECT_CONVERSION = YES_AGGRESSIVE;
				CLANG_CXX_LANGUAGE_STANDARD = "gnu++14";
				CLANG_CXX_LIBRARY = "libc++";
				CLANG_ENABLE_MODULES = YES;
				CLANG_ENABLE_OBJC_ARC = YES;
				CLANG_ENABLE_OBJC_WEAK = YES;
				CLANG_WARN_BLOCK_CAPTURE_AUTORELEASING = YES;
				CLANG_WARN_BOOL_CONVERSION = YES;
				CLANG_WARN_COMMA = YES;
				CLANG_WARN_CONSTANT_CONVERSION = YES;
				CLANG_WARN_DEPRECATED_OBJC_IMPLEMENTATIONS = YES;
				CLANG_WARN_DIRECT_OBJC_ISA_USAGE = YES_ERROR;
				CLANG_WARN_DOCUMENTATION_COMMENTS = YES;
				CLANG_WARN_EMPTY_BODY = YES;
				CLANG_WARN_ENUM_CONVERSION = YES;
				CLANG_WARN_INFINITE_RECURSION = YES;
				CLANG_WARN_INT_CONVERSION = YES;
				CLANG_WARN_NON_LITERAL_NULL_CONVERSION = YES;
				CLANG_WARN_OBJC_IMPLICIT_RETAIN_SELF = YES;
				CLANG_WARN_OBJC_LITERAL_CONVERSION = YES;
				CLANG_WARN_OBJC_ROOT_CLASS = YES_ERROR;
				CLANG_WARN_RANGE_LOOP_ANALYSIS = YES;
				CLANG_WARN_STRICT_PROTOTYPES = YES;
				CLANG_WARN_SUSPICIOUS_MOVE = YES;
				CLANG_WARN_UNGUARDED_AVAILABILITY = YES_AGGRESSIVE;
				CLANG_WARN_UNREACHABLE_CODE = YES;
				CLANG_WARN__DUPLICATE_METHOD_MATCH = YES;
				CODE_SIGN_IDENTITY = "iPhone Developer";
				COPY_PHASE_STRIP = NO;
				DEBUG_INFORMATION_FORMAT = "dwarf-with-dsym";
				ENABLE_NS_ASSERTIONS = NO;
				ENABLE_STRICT_OBJC_MSGSEND = YES;
				GCC_C_LANGUAGE_STANDARD = gnu11;
				GCC_NO_COMMON_BLOCKS = YES;
				GCC_WARN_64_TO_32_BIT_CONVERSION = YES;
				GCC_WARN_ABOUT_RETURN_TYPE = YES_ERROR;
				GCC_WARN_UNDECLARED_SELECTOR = YES;
				GCC_WARN_UNINITIALIZED_AUTOS = YES_AGGRESSIVE;
				GCC_WARN_UNUSED_FUNCTION = YES;
				GCC_WARN_UNUSED_VARIABLE = YES;
				IPHONEOS_DEPLOYMENT_TARGET = 11.4;
				MTL_ENABLE_DEBUG_INFO = NO;
				SDKROOT = iphoneos;
				VALIDATE_PRODUCT = YES;
			};
			name = Release;
		};
		8EA364C820F1E2F700BC642A /* Debug */ = {
			isa = XCBuildConfiguration;
			baseConfigurationReference = F78F75432E03730BD0524807 /* Pods-TransferMoneyApp.debug.xcconfig */;
			buildSettings = {
				ASSETCATALOG_COMPILER_APPICON_NAME = AppIcon;
				CODE_SIGN_STYLE = Automatic;
				DEVELOPMENT_TEAM = QP27UQTP8U;
				INFOPLIST_FILE = TransferMoneyApp/Info.plist;
				LD_RUNPATH_SEARCH_PATHS = (
					"$(inherited)",
					"@executable_path/Frameworks",
				);
				PRODUCT_BUNDLE_IDENTIFIER = com.dickychu.TransferMoneyApp;
				PRODUCT_NAME = "$(TARGET_NAME)";
				TARGETED_DEVICE_FAMILY = "1,2";
			};
			name = Debug;
		};
		8EA364C920F1E2F700BC642A /* Release */ = {
			isa = XCBuildConfiguration;
			baseConfigurationReference = B9844A37BCB6BFB7E8812CA7 /* Pods-TransferMoneyApp.release.xcconfig */;
			buildSettings = {
				ASSETCATALOG_COMPILER_APPICON_NAME = AppIcon;
				CODE_SIGN_STYLE = Automatic;
				DEVELOPMENT_TEAM = QP27UQTP8U;
				INFOPLIST_FILE = TransferMoneyApp/Info.plist;
				LD_RUNPATH_SEARCH_PATHS = (
					"$(inherited)",
					"@executable_path/Frameworks",
				);
				PRODUCT_BUNDLE_IDENTIFIER = com.dickychu.TransferMoneyApp;
				PRODUCT_NAME = "$(TARGET_NAME)";
				TARGETED_DEVICE_FAMILY = "1,2";
			};
			name = Release;
		};
/* End XCBuildConfiguration section */

/* Begin XCConfigurationList section */
		8EA364AC20F1E2F600BC642A /* Build configuration list for PBXProject "TransferMoneyApp" */ = {
			isa = XCConfigurationList;
			buildConfigurations = (
				8EA364C520F1E2F700BC642A /* Debug */,
				8EA364C620F1E2F700BC642A /* Release */,
			);
			defaultConfigurationIsVisible = 0;
			defaultConfigurationName = Release;
		};
		8EA364C720F1E2F700BC642A /* Build configuration list for PBXNativeTarget "TransferMoneyApp" */ = {
			isa = XCConfigurationList;
			buildConfigurations = (
				8EA364C820F1E2F700BC642A /* Debug */,
				8EA364C920F1E2F700BC642A /* Release */,
			);
			defaultConfigurationIsVisible = 0;
			defaultConfigurationName = Release;
		};
/* End XCConfigurationList section */
	};
	rootObject = 8EA364A920F1E2F600BC642A /* Project object */;
}
